
Microsoft Visual Studio Solution File, Format Version 12.00
# Visual Studio Version 17
VisualStudioVersion = 17.5.002.0
MinimumVisualStudioVersion = 10.0.40219.1
Project("{9A19103F-16F7-4668-BE54-9A1E7A4F7556}") = "Recursao", "Recursao.csproj", "{A37A7CEF-4F60-4C62-8535-F17AB16A2364}"
EndProject
Global
	GlobalSection(SolutionConfigurationPlatforms) = preSolution
		Debug|Any CPU = Debug|Any CPU
		Release|Any CPU = Release|Any CPU
	EndGlobalSection
	GlobalSection(ProjectConfigurationPlatforms) = postSolution
		{A37A7CEF-4F60-4C62-8535-F17AB16A2364}.Debug|Any CPU.ActiveCfg = Debug|Any CPU
		{A37A7CEF-4F60-4C62-8535-F17AB16A2364}.Debug|Any CPU.Build.0 = Debug|Any CPU
		{A37A7CEF-4F60-4C62-8535-F17AB16A2364}.Release|Any CPU.ActiveCfg = Release|Any CPU
		{A37A7CEF-4F60-4C62-8535-F17AB16A2364}.Release|Any CPU.Build.0 = Release|Any CPU
	EndGlobalSection
	GlobalSection(SolutionProperties) = preSolution
		HideSolutionNode = FALSE
	EndGlobalSection
	GlobalSection(ExtensibilityGlobals) = postSolution
		SolutionGuid = {3E6FDE3F-F06C-4AB6-96DC-49FF01269E23}
	EndGlobalSection
EndGlobal
