
Microsoft Visual Studio Solution File, Format Version 12.00
# Visual Studio Version 17
VisualStudioVersion = 17.5.002.0
MinimumVisualStudioVersion = 10.0.40219.1
Project("{9A19103F-16F7-4668-BE54-9A1E7A4F7556}") = "adicao", "adicao.csproj", "{8D547E22-5764-49FB-9175-589329B39069}"
EndProject
Global
	GlobalSection(SolutionConfigurationPlatforms) = preSolution
		Debug|Any CPU = Debug|Any CPU
		Release|Any CPU = Release|Any CPU
	EndGlobalSection
	GlobalSection(ProjectConfigurationPlatforms) = postSolution
		{8D547E22-5764-49FB-9175-589329B39069}.Debug|Any CPU.ActiveCfg = Debug|Any CPU
		{8D547E22-5764-49FB-9175-589329B39069}.Debug|Any CPU.Build.0 = Debug|Any CPU
		{8D547E22-5764-49FB-9175-589329B39069}.Release|Any CPU.ActiveCfg = Release|Any CPU
		{8D547E22-5764-49FB-9175-589329B39069}.Release|Any CPU.Build.0 = Release|Any CPU
	EndGlobalSection
	GlobalSection(SolutionProperties) = preSolution
		HideSolutionNode = FALSE
	EndGlobalSection
	GlobalSection(ExtensibilityGlobals) = postSolution
		SolutionGuid = {75850DB5-F9C7-4EFE-BD5D-46BB4A340D42}
	EndGlobalSection
EndGlobal
