
Microsoft Visual Studio Solution File, Format Version 12.00
# Visual Studio Version 17
VisualStudioVersion = 17.5.002.0
MinimumVisualStudioVersion = 10.0.40219.1
Project("{9A19103F-16F7-4668-BE54-9A1E7A4F7556}") = "Do_While", "Do_While.csproj", "{4678CBA4-EBA0-4015-A7FA-66835A1C676B}"
EndProject
Global
	GlobalSection(SolutionConfigurationPlatforms) = preSolution
		Debug|Any CPU = Debug|Any CPU
		Release|Any CPU = Release|Any CPU
	EndGlobalSection
	GlobalSection(ProjectConfigurationPlatforms) = postSolution
		{4678CBA4-EBA0-4015-A7FA-66835A1C676B}.Debug|Any CPU.ActiveCfg = Debug|Any CPU
		{4678CBA4-EBA0-4015-A7FA-66835A1C676B}.Debug|Any CPU.Build.0 = Debug|Any CPU
		{4678CBA4-EBA0-4015-A7FA-66835A1C676B}.Release|Any CPU.ActiveCfg = Release|Any CPU
		{4678CBA4-EBA0-4015-A7FA-66835A1C676B}.Release|Any CPU.Build.0 = Release|Any CPU
	EndGlobalSection
	GlobalSection(SolutionProperties) = preSolution
		HideSolutionNode = FALSE
	EndGlobalSection
	GlobalSection(ExtensibilityGlobals) = postSolution
		SolutionGuid = {AB85A7EA-F843-4733-93D5-9E983576089A}
	EndGlobalSection
EndGlobal
